{
  "meteor": {
    "git": "https://github.com/meteor/meteor.git",
    "tag": "release/0.8.3-rc1",
    "commit": "d3eae5a2e8166c0108e536595c20aa7d70ad35bc"
  },
  "dependencies": {
    "basePackages": {
      "iron-router": {
        "git": "https://github.com/EventedMind/iron-router.git",
        "branch": "devel"
      }
    },
    "packages": {
      "iron-router": {
        "git": "https://github.com/EventedMind/iron-router.git",
        "branch": "devel",
        "commit": "7993938ffd3dd338688847a11724f8a982fa9d5d"
      },
      "iron-layout": {
        "git": "https://github.com/EventedMind/iron-layout.git",
        "tag": "v0.1.2",
        "commit": "6a81be88ee675d747777aeb308c6d4da482d0fde"
      },
      "blaze-layout": {
        "git": "https://github.com/EventedMind/blaze-layout.git",
        "tag": "v0.2.5",
        "commit": "273e3ab7d005d91a1a59c71bd224533b4dae2fbd"
      },
      "iron-core": {
        "git": "https://github.com/EventedMind/iron-core.git",
        "tag": "v0.1.0",
        "commit": "978b27f987a91c8d46e557c24190cb2ed5f8b074"
      },
      "iron-dynamic-template": {
        "git": "https://github.com/EventedMind/iron-dynamic-template.git",
        "tag": "v0.1.0",
        "commit": "10ffb22239b79789c3923354e3eaa9ba7cb2f9ca"
      }
    }
  }
}
